
Microsoft Visual Studio Solution File, Format Version 12.00
# Visual Studio Version 17
VisualStudioVersion = 17.8.34408.163
MinimumVisualStudioVersion = 10.0.40219.1
Project("{FAE04EC0-301F-11D3-BF4B-00C04F79EFBC}") = "mat03_negativos_matriz", "mat03_negativos_matriz\mat03_negativos_matriz.csproj", "{1C01A304-F522-4132-8147-19EE04EF812D}"
EndProject
Global
	GlobalSection(SolutionConfigurationPlatforms) = preSolution
		Debug|Any CPU = Debug|Any CPU
		Release|Any CPU = Release|Any CPU
	EndGlobalSection
	GlobalSection(ProjectConfigurationPlatforms) = postSolution
		{1C01A304-F522-4132-8147-19EE04EF812D}.Debug|Any CPU.ActiveCfg = Debug|Any CPU
		{1C01A304-F522-4132-8147-19EE04EF812D}.Debug|Any CPU.Build.0 = Debug|Any CPU
		{1C01A304-F522-4132-8147-19EE04EF812D}.Release|Any CPU.ActiveCfg = Release|Any CPU
		{1C01A304-F522-4132-8147-19EE04EF812D}.Release|Any CPU.Build.0 = Release|Any CPU
	EndGlobalSection
	GlobalSection(SolutionProperties) = preSolution
		HideSolutionNode = FALSE
	EndGlobalSection
	GlobalSection(ExtensibilityGlobals) = postSolution
		SolutionGuid = {F9083968-1A4A-4098-8869-82FAAAD11127}
	EndGlobalSection
EndGlobal
