
Microsoft Visual Studio Solution File, Format Version 12.00
# Visual Studio Version 17
VisualStudioVersion = 17.8.34408.163
MinimumVisualStudioVersion = 10.0.40219.1
Project("{FAE04EC0-301F-11D3-BF4B-00C04F79EFBC}") = "vet06_soma_vetores", "vet06_soma_vetores\vet06_soma_vetores.csproj", "{42ACE311-6E0E-41EA-B7CD-C7A742B0772A}"
EndProject
Global
	GlobalSection(SolutionConfigurationPlatforms) = preSolution
		Debug|Any CPU = Debug|Any CPU
		Release|Any CPU = Release|Any CPU
	EndGlobalSection
	GlobalSection(ProjectConfigurationPlatforms) = postSolution
		{42ACE311-6E0E-41EA-B7CD-C7A742B0772A}.Debug|Any CPU.ActiveCfg = Debug|Any CPU
		{42ACE311-6E0E-41EA-B7CD-C7A742B0772A}.Debug|Any CPU.Build.0 = Debug|Any CPU
		{42ACE311-6E0E-41EA-B7CD-C7A742B0772A}.Release|Any CPU.ActiveCfg = Release|Any CPU
		{42ACE311-6E0E-41EA-B7CD-C7A742B0772A}.Release|Any CPU.Build.0 = Release|Any CPU
	EndGlobalSection
	GlobalSection(SolutionProperties) = preSolution
		HideSolutionNode = FALSE
	EndGlobalSection
	GlobalSection(ExtensibilityGlobals) = postSolution
		SolutionGuid = {4F48DA56-5DA6-44B0-9BD3-8C3D26C9D0A8}
	EndGlobalSection
EndGlobal
