
Microsoft Visual Studio Solution File, Format Version 12.00
# Visual Studio Version 17
VisualStudioVersion = 17.8.34408.163
MinimumVisualStudioVersion = 10.0.40219.1
Project("{FAE04EC0-301F-11D3-BF4B-00C04F79EFBC}") = "vet07_abaixo_da_media", "vet07_abaixo_da_media\vet07_abaixo_da_media.csproj", "{8C1D1968-CD8E-4659-86D5-D2A19F7BEE2F}"
EndProject
Global
	GlobalSection(SolutionConfigurationPlatforms) = preSolution
		Debug|Any CPU = Debug|Any CPU
		Release|Any CPU = Release|Any CPU
	EndGlobalSection
	GlobalSection(ProjectConfigurationPlatforms) = postSolution
		{8C1D1968-CD8E-4659-86D5-D2A19F7BEE2F}.Debug|Any CPU.ActiveCfg = Debug|Any CPU
		{8C1D1968-CD8E-4659-86D5-D2A19F7BEE2F}.Debug|Any CPU.Build.0 = Debug|Any CPU
		{8C1D1968-CD8E-4659-86D5-D2A19F7BEE2F}.Release|Any CPU.ActiveCfg = Release|Any CPU
		{8C1D1968-CD8E-4659-86D5-D2A19F7BEE2F}.Release|Any CPU.Build.0 = Release|Any CPU
	EndGlobalSection
	GlobalSection(SolutionProperties) = preSolution
		HideSolutionNode = FALSE
	EndGlobalSection
	GlobalSection(ExtensibilityGlobals) = postSolution
		SolutionGuid = {C633A2B4-24CB-4BA7-86D0-496A7E4B2198}
	EndGlobalSection
EndGlobal
