
Microsoft Visual Studio Solution File, Format Version 12.00
# Visual Studio Version 17
VisualStudioVersion = 17.8.34408.163
MinimumVisualStudioVersion = 10.0.40219.1
Project("{FAE04EC0-301F-11D3-BF4B-00C04F79EFBC}") = "seq10_duracao", "seq10_duracao\seq10_duracao.csproj", "{9BC051EF-FCBF-413A-80AB-CC68773463DC}"
EndProject
Global
	GlobalSection(SolutionConfigurationPlatforms) = preSolution
		Debug|Any CPU = Debug|Any CPU
		Release|Any CPU = Release|Any CPU
	EndGlobalSection
	GlobalSection(ProjectConfigurationPlatforms) = postSolution
		{9BC051EF-FCBF-413A-80AB-CC68773463DC}.Debug|Any CPU.ActiveCfg = Debug|Any CPU
		{9BC051EF-FCBF-413A-80AB-CC68773463DC}.Debug|Any CPU.Build.0 = Debug|Any CPU
		{9BC051EF-FCBF-413A-80AB-CC68773463DC}.Release|Any CPU.ActiveCfg = Release|Any CPU
		{9BC051EF-FCBF-413A-80AB-CC68773463DC}.Release|Any CPU.Build.0 = Release|Any CPU
	EndGlobalSection
	GlobalSection(SolutionProperties) = preSolution
		HideSolutionNode = FALSE
	EndGlobalSection
	GlobalSection(ExtensibilityGlobals) = postSolution
		SolutionGuid = {7A48A47A-90DD-401E-BFE8-7F84D19D28D9}
	EndGlobalSection
EndGlobal
