
Microsoft Visual Studio Solution File, Format Version 12.00
# Visual Studio Version 17
VisualStudioVersion = 17.8.34408.163
MinimumVisualStudioVersion = 10.0.40219.1
Project("{FAE04EC0-301F-11D3-BF4B-00C04F79EFBC}") = "vet03_alturas", "vet03_alturas\vet03_alturas.csproj", "{AE5AEAF7-E0D3-42C8-B63F-F90B42365E5A}"
EndProject
Global
	GlobalSection(SolutionConfigurationPlatforms) = preSolution
		Debug|Any CPU = Debug|Any CPU
		Release|Any CPU = Release|Any CPU
	EndGlobalSection
	GlobalSection(ProjectConfigurationPlatforms) = postSolution
		{AE5AEAF7-E0D3-42C8-B63F-F90B42365E5A}.Debug|Any CPU.ActiveCfg = Debug|Any CPU
		{AE5AEAF7-E0D3-42C8-B63F-F90B42365E5A}.Debug|Any CPU.Build.0 = Debug|Any CPU
		{AE5AEAF7-E0D3-42C8-B63F-F90B42365E5A}.Release|Any CPU.ActiveCfg = Release|Any CPU
		{AE5AEAF7-E0D3-42C8-B63F-F90B42365E5A}.Release|Any CPU.Build.0 = Release|Any CPU
	EndGlobalSection
	GlobalSection(SolutionProperties) = preSolution
		HideSolutionNode = FALSE
	EndGlobalSection
	GlobalSection(ExtensibilityGlobals) = postSolution
		SolutionGuid = {2361B960-68E3-4998-A287-ED43CC76E797}
	EndGlobalSection
EndGlobal
