
Microsoft Visual Studio Solution File, Format Version 12.00
# Visual Studio Version 17
VisualStudioVersion = 17.8.34408.163
MinimumVisualStudioVersion = 10.0.40219.1
Project("{FAE04EC0-301F-11D3-BF4B-00C04F79EFBC}") = "cond07_dardo", "cond07_dardo\cond07_dardo.csproj", "{37A95140-82E7-40E9-AD1C-8BE003530472}"
EndProject
Global
	GlobalSection(SolutionConfigurationPlatforms) = preSolution
		Debug|Any CPU = Debug|Any CPU
		Release|Any CPU = Release|Any CPU
	EndGlobalSection
	GlobalSection(ProjectConfigurationPlatforms) = postSolution
		{37A95140-82E7-40E9-AD1C-8BE003530472}.Debug|Any CPU.ActiveCfg = Debug|Any CPU
		{37A95140-82E7-40E9-AD1C-8BE003530472}.Debug|Any CPU.Build.0 = Debug|Any CPU
		{37A95140-82E7-40E9-AD1C-8BE003530472}.Release|Any CPU.ActiveCfg = Release|Any CPU
		{37A95140-82E7-40E9-AD1C-8BE003530472}.Release|Any CPU.Build.0 = Release|Any CPU
	EndGlobalSection
	GlobalSection(SolutionProperties) = preSolution
		HideSolutionNode = FALSE
	EndGlobalSection
	GlobalSection(ExtensibilityGlobals) = postSolution
		SolutionGuid = {F56D108A-32D7-47FB-B795-B38D650750D3}
	EndGlobalSection
EndGlobal
